{
  "name": "btw_smoketest",
  "requires": true,
  "lockfileVersion": 1,
  "dependencies": {
    "vnu-jar": {
      "version": "19.6.7",
      "resolved": "https://registry.npmjs.org/vnu-jar/-/vnu-jar-19.6.7.tgz",
      "integrity": "sha512-uBI4pvolFIbhVQuYempGKsV86kNV5bCH1wVsHPbPCuEtAMk4IovdksO2bdPERUiPRGWgHmJ9A9O/N8FydP4JOg=="
    }
  }
}
